
Microsoft Visual Studio Solution File, Format Version 12.00
# Visual Studio 15
VisualStudioVersion = 15.0.27004.2005
MinimumVisualStudioVersion = 10.0.40219.1
Project("{2150E333-8FDC-42A3-9474-1A3956D46DE8}") = "API", "API", "{E5BFD8CC-0697-487A-B6E0-0DFC9105C947}"
EndProject
Project("{9A19103F-16F7-4668-BE54-9A1E7A4F7556}") = "MongoStoreAPI", "MongoStoreAPI\MongoStoreAPI.csproj", "{B13D3FE7-E384-40BB-818E-80E9B0A93B45}"
EndProject
Project("{E53339B2-1760-4266-BCC7-CA923CBCF16C}") = "docker-compose", "docker-compose.dcproj", "{501ED0EF-DE69-4FCB-B526-A180CDE04017}"
EndProject
Project("{FAE04EC0-301F-11D3-BF4B-00C04F79EFBC}") = "MongoStoreTest", "MongoStoreTest\MongoStoreTest.csproj", "{CE770D8A-E76D-4BCD-884E-0F4F52D06AD3}"
EndProject
Global
	GlobalSection(SolutionConfigurationPlatforms) = preSolution
		Debug|Any CPU = Debug|Any CPU
		Release|Any CPU = Release|Any CPU
	EndGlobalSection
	GlobalSection(ProjectConfigurationPlatforms) = postSolution
		{B13D3FE7-E384-40BB-818E-80E9B0A93B45}.Debug|Any CPU.ActiveCfg = Debug|Any CPU
		{B13D3FE7-E384-40BB-818E-80E9B0A93B45}.Debug|Any CPU.Build.0 = Debug|Any CPU
		{B13D3FE7-E384-40BB-818E-80E9B0A93B45}.Release|Any CPU.ActiveCfg = Release|Any CPU
		{B13D3FE7-E384-40BB-818E-80E9B0A93B45}.Release|Any CPU.Build.0 = Release|Any CPU
		{501ED0EF-DE69-4FCB-B526-A180CDE04017}.Debug|Any CPU.ActiveCfg = Debug|Any CPU
		{501ED0EF-DE69-4FCB-B526-A180CDE04017}.Debug|Any CPU.Build.0 = Debug|Any CPU
		{501ED0EF-DE69-4FCB-B526-A180CDE04017}.Release|Any CPU.ActiveCfg = Release|Any CPU
		{501ED0EF-DE69-4FCB-B526-A180CDE04017}.Release|Any CPU.Build.0 = Release|Any CPU
		{CE770D8A-E76D-4BCD-884E-0F4F52D06AD3}.Debug|Any CPU.ActiveCfg = Debug|Any CPU
		{CE770D8A-E76D-4BCD-884E-0F4F52D06AD3}.Debug|Any CPU.Build.0 = Debug|Any CPU
		{CE770D8A-E76D-4BCD-884E-0F4F52D06AD3}.Release|Any CPU.ActiveCfg = Release|Any CPU
		{CE770D8A-E76D-4BCD-884E-0F4F52D06AD3}.Release|Any CPU.Build.0 = Release|Any CPU
	EndGlobalSection
	GlobalSection(SolutionProperties) = preSolution
		HideSolutionNode = FALSE
	EndGlobalSection
	GlobalSection(NestedProjects) = preSolution
		{B13D3FE7-E384-40BB-818E-80E9B0A93B45} = {E5BFD8CC-0697-487A-B6E0-0DFC9105C947}
	EndGlobalSection
	GlobalSection(ExtensibilityGlobals) = postSolution
		SolutionGuid = {09996F5F-2ADD-449B-B40A-95D0FD5C5069}
	EndGlobalSection
EndGlobal
